
Microsoft Visual Studio Solution File, Format Version 12.00
# Visual Studio Version 17
VisualStudioVersion = 17.4.33110.190
MinimumVisualStudioVersion = 10.0.40219.1
Project("{FAE04EC0-301F-11D3-BF4B-00C04F79EFBC}") = "november23", "november23\november23.csproj", "{9CC3011C-54ED-4931-9AC5-4A5CA68D1965}"
EndProject
Global
	GlobalSection(SolutionConfigurationPlatforms) = preSolution
		Debug|Any CPU = Debug|Any CPU
		Release|Any CPU = Release|Any CPU
	EndGlobalSection
	GlobalSection(ProjectConfigurationPlatforms) = postSolution
		{9CC3011C-54ED-4931-9AC5-4A5CA68D1965}.Debug|Any CPU.ActiveCfg = Debug|Any CPU
		{9CC3011C-54ED-4931-9AC5-4A5CA68D1965}.Debug|Any CPU.Build.0 = Debug|Any CPU
		{9CC3011C-54ED-4931-9AC5-4A5CA68D1965}.Release|Any CPU.ActiveCfg = Release|Any CPU
		{9CC3011C-54ED-4931-9AC5-4A5CA68D1965}.Release|Any CPU.Build.0 = Release|Any CPU
	EndGlobalSection
	GlobalSection(SolutionProperties) = preSolution
		HideSolutionNode = FALSE
	EndGlobalSection
	GlobalSection(ExtensibilityGlobals) = postSolution
		SolutionGuid = {802B5A5E-241A-428A-AE6C-4C0F14B76426}
	EndGlobalSection
EndGlobal
